
Microsoft Visual Studio Solution File, Format Version 12.00
# Visual Studio 14
VisualStudioVersion = 14.0.24720.0
MinimumVisualStudioVersion = 10.0.40219.1
Project("{2150E333-8FDC-42A3-9474-1A3956D46DE8}") = "src", "src", "{33A1F5FA-031D-4AF4-81E2-84A165812395}"
EndProject
Project("{2150E333-8FDC-42A3-9474-1A3956D46DE8}") = "Solution Items", "Solution Items", "{A6E093CF-DE9C-4A14-A2E0-511191D6F73C}"
	ProjectSection(SolutionItems) = preProject
		global.json = global.json
	EndProjectSection
	ProjectSection(FolderGlobals) = preProject
		__JSONSchema = 
	EndProjectSection
EndProject
Project("{8BB2217D-0F2D-49D1-97BC-3654ED321F3B}") = "BahamutService", "..\BahamutZero\src\BahamutService\BahamutService.xproj", "{6D24C4A9-4DF2-4379-BCC7-5B13595412A1}"
EndProject
Project("{8BB2217D-0F2D-49D1-97BC-3654ED321F3B}") = "BahamutCommon", "..\BahamutZero\src\BahamutCommon\BahamutCommon.xproj", "{2EF2E209-4289-46A9-BCA5-6555CB39BF68}"
EndProject
Project("{8BB2217D-0F2D-49D1-97BC-3654ED321F3B}") = "DataLevelDefines", "..\BahamutZero\src\DataLevelDefines\DataLevelDefines.xproj", "{066F24F1-F532-4C3D-8AED-91F9AD1D5615}"
EndProject
Project("{8BB2217D-0F2D-49D1-97BC-3654ED321F3B}") = "ChicagoClientLib", "src\ChicagoClientLib\ChicagoClientLib.xproj", "{D6765BFB-52E2-4F30-B97D-A56F81A24CB5}"
EndProject
Project("{8BB2217D-0F2D-49D1-97BC-3654ED321F3B}") = "Chicago", "src\Chicago\Chicago.xproj", "{F9BE0337-4EC3-4124-8084-3037163D7605}"
EndProject
Project("{8BB2217D-0F2D-49D1-97BC-3654ED321F3B}") = "CSharpServerFramework", "..\..\CSharpServerFramework\CSharpServerFramework\src\CSharpServerFramework\CSharpServerFramework.xproj", "{95C5CE52-F438-4FB2-8245-038B366D0CF1}"
EndProject
Project("{8BB2217D-0F2D-49D1-97BC-3654ED321F3B}") = "CSharpServerFrameworkAbstract", "..\..\CSharpServerFramework\CSharpServerFrameworkAbstract\src\CSharpServerFrameworkAbstract\CSharpServerFrameworkAbstract.xproj", "{6D288983-6691-47A2-A057-3649A8563064}"
EndProject
Project("{8BB2217D-0F2D-49D1-97BC-3654ED321F3B}") = "CSServerJsonProtocol", "..\..\CSharpServerFramework\CSServerJsonProtocol\src\CSServerJsonProtocol\CSServerJsonProtocol.xproj", "{15B91E64-470E-4DF0-9B13-A6AD4B7C5E53}"
EndProject
Global
	GlobalSection(SolutionConfigurationPlatforms) = preSolution
		Debug|Any CPU = Debug|Any CPU
		Release|Any CPU = Release|Any CPU
	EndGlobalSection
	GlobalSection(ProjectConfigurationPlatforms) = postSolution
		{6D24C4A9-4DF2-4379-BCC7-5B13595412A1}.Debug|Any CPU.ActiveCfg = Debug|Any CPU
		{6D24C4A9-4DF2-4379-BCC7-5B13595412A1}.Debug|Any CPU.Build.0 = Debug|Any CPU
		{6D24C4A9-4DF2-4379-BCC7-5B13595412A1}.Release|Any CPU.ActiveCfg = Release|Any CPU
		{6D24C4A9-4DF2-4379-BCC7-5B13595412A1}.Release|Any CPU.Build.0 = Release|Any CPU
		{2EF2E209-4289-46A9-BCA5-6555CB39BF68}.Debug|Any CPU.ActiveCfg = Debug|Any CPU
		{2EF2E209-4289-46A9-BCA5-6555CB39BF68}.Debug|Any CPU.Build.0 = Debug|Any CPU
		{2EF2E209-4289-46A9-BCA5-6555CB39BF68}.Release|Any CPU.ActiveCfg = Release|Any CPU
		{2EF2E209-4289-46A9-BCA5-6555CB39BF68}.Release|Any CPU.Build.0 = Release|Any CPU
		{066F24F1-F532-4C3D-8AED-91F9AD1D5615}.Debug|Any CPU.ActiveCfg = Debug|Any CPU
		{066F24F1-F532-4C3D-8AED-91F9AD1D5615}.Debug|Any CPU.Build.0 = Debug|Any CPU
		{066F24F1-F532-4C3D-8AED-91F9AD1D5615}.Release|Any CPU.ActiveCfg = Release|Any CPU
		{066F24F1-F532-4C3D-8AED-91F9AD1D5615}.Release|Any CPU.Build.0 = Release|Any CPU
		{D6765BFB-52E2-4F30-B97D-A56F81A24CB5}.Debug|Any CPU.ActiveCfg = Debug|Any CPU
		{D6765BFB-52E2-4F30-B97D-A56F81A24CB5}.Debug|Any CPU.Build.0 = Debug|Any CPU
		{D6765BFB-52E2-4F30-B97D-A56F81A24CB5}.Release|Any CPU.ActiveCfg = Release|Any CPU
		{D6765BFB-52E2-4F30-B97D-A56F81A24CB5}.Release|Any CPU.Build.0 = Release|Any CPU
		{F9BE0337-4EC3-4124-8084-3037163D7605}.Debug|Any CPU.ActiveCfg = Debug|Any CPU
		{F9BE0337-4EC3-4124-8084-3037163D7605}.Debug|Any CPU.Build.0 = Debug|Any CPU
		{F9BE0337-4EC3-4124-8084-3037163D7605}.Release|Any CPU.ActiveCfg = Release|Any CPU
		{F9BE0337-4EC3-4124-8084-3037163D7605}.Release|Any CPU.Build.0 = Release|Any CPU
		{95C5CE52-F438-4FB2-8245-038B366D0CF1}.Debug|Any CPU.ActiveCfg = Debug|Any CPU
		{95C5CE52-F438-4FB2-8245-038B366D0CF1}.Debug|Any CPU.Build.0 = Debug|Any CPU
		{95C5CE52-F438-4FB2-8245-038B366D0CF1}.Release|Any CPU.ActiveCfg = Release|Any CPU
		{95C5CE52-F438-4FB2-8245-038B366D0CF1}.Release|Any CPU.Build.0 = Release|Any CPU
		{6D288983-6691-47A2-A057-3649A8563064}.Debug|Any CPU.ActiveCfg = Debug|Any CPU
		{6D288983-6691-47A2-A057-3649A8563064}.Debug|Any CPU.Build.0 = Debug|Any CPU
		{6D288983-6691-47A2-A057-3649A8563064}.Release|Any CPU.ActiveCfg = Release|Any CPU
		{6D288983-6691-47A2-A057-3649A8563064}.Release|Any CPU.Build.0 = Release|Any CPU
		{15B91E64-470E-4DF0-9B13-A6AD4B7C5E53}.Debug|Any CPU.ActiveCfg = Debug|Any CPU
		{15B91E64-470E-4DF0-9B13-A6AD4B7C5E53}.Debug|Any CPU.Build.0 = Debug|Any CPU
		{15B91E64-470E-4DF0-9B13-A6AD4B7C5E53}.Release|Any CPU.ActiveCfg = Release|Any CPU
		{15B91E64-470E-4DF0-9B13-A6AD4B7C5E53}.Release|Any CPU.Build.0 = Release|Any CPU
	EndGlobalSection
	GlobalSection(SolutionProperties) = preSolution
		HideSolutionNode = FALSE
	EndGlobalSection
	GlobalSection(NestedProjects) = preSolution
		{6D24C4A9-4DF2-4379-BCC7-5B13595412A1} = {A6E093CF-DE9C-4A14-A2E0-511191D6F73C}
		{2EF2E209-4289-46A9-BCA5-6555CB39BF68} = {A6E093CF-DE9C-4A14-A2E0-511191D6F73C}
		{066F24F1-F532-4C3D-8AED-91F9AD1D5615} = {A6E093CF-DE9C-4A14-A2E0-511191D6F73C}
		{D6765BFB-52E2-4F30-B97D-A56F81A24CB5} = {33A1F5FA-031D-4AF4-81E2-84A165812395}
		{F9BE0337-4EC3-4124-8084-3037163D7605} = {33A1F5FA-031D-4AF4-81E2-84A165812395}
		{95C5CE52-F438-4FB2-8245-038B366D0CF1} = {A6E093CF-DE9C-4A14-A2E0-511191D6F73C}
		{6D288983-6691-47A2-A057-3649A8563064} = {A6E093CF-DE9C-4A14-A2E0-511191D6F73C}
		{15B91E64-470E-4DF0-9B13-A6AD4B7C5E53} = {A6E093CF-DE9C-4A14-A2E0-511191D6F73C}
	EndGlobalSection
EndGlobal
